PODS:
  - BSupermanFoundation (0.1.1)

DEPENDENCIES:
  - BSupermanFoundation (from `../`)

EXTERNAL SOURCES:
  BSupermanFoundation:
    :path: ../

SPEC CHECKSUMS:
  BSupermanFoundation: e98a3c9baa02d6536de8d966ac378577a0f94c6d

PODFILE CHECKSUM: 694c1d1646f299325714b213a757b6abd94a9d75

COCOAPODS: 1.4.0
